
Microsoft Visual Studio Solution File, Format Version 12.00
# Visual Studio Version 17
VisualStudioVersion = 17.11.35327.3
MinimumVisualStudioVersion = 10.0.40219.1
Project("{9A19103F-16F7-4668-BE54-9A1E7A4F7556}") = "GitLabServicesLayer", "GitLabServicesLayer\GitLabServicesLayer.csproj", "{5759B026-2384-4877-BB53-BA4ECCF543F7}"
EndProject
Global
	GlobalSection(SolutionConfigurationPlatforms) = preSolution
		Debug|Any CPU = Debug|Any CPU
		Release|Any CPU = Release|Any CPU
	EndGlobalSection
	GlobalSection(ProjectConfigurationPlatforms) = postSolution
		{5759B026-2384-4877-BB53-BA4ECCF543F7}.Debug|Any CPU.ActiveCfg = Debug|Any CPU
		{5759B026-2384-4877-BB53-BA4ECCF543F7}.Debug|Any CPU.Build.0 = Debug|Any CPU
		{5759B026-2384-4877-BB53-BA4ECCF543F7}.Release|Any CPU.ActiveCfg = Release|Any CPU
		{5759B026-2384-4877-BB53-BA4ECCF543F7}.Release|Any CPU.Build.0 = Release|Any CPU
	EndGlobalSection
	GlobalSection(SolutionProperties) = preSolution
		HideSolutionNode = FALSE
	EndGlobalSection
	GlobalSection(ExtensibilityGlobals) = postSolution
		SolutionGuid = {396B90C7-555A-4D36-85E2-A222CAD1E7CA}
	EndGlobalSection
EndGlobal
